
Microsoft Visual Studio Solution File, Format Version 12.00
# Visual Studio Version 17
VisualStudioVersion = 17.3.32922.545
MinimumVisualStudioVersion = 10.0.40219.1
Project("{FAE04EC0-301F-11D3-BF4B-00C04F79EFBC}") = "EmployeePayRollServiceADO", "EmployeePayRollServiceADO\EmployeePayRollServiceADO.csproj", "{FA02800E-59B2-40C8-81F9-649C8999B090}"
EndProject
Global
	GlobalSection(SolutionConfigurationPlatforms) = preSolution
		Debug|Any CPU = Debug|Any CPU
		Release|Any CPU = Release|Any CPU
	EndGlobalSection
	GlobalSection(ProjectConfigurationPlatforms) = postSolution
		{FA02800E-59B2-40C8-81F9-649C8999B090}.Debug|Any CPU.ActiveCfg = Debug|Any CPU
		{FA02800E-59B2-40C8-81F9-649C8999B090}.Debug|Any CPU.Build.0 = Debug|Any CPU
		{FA02800E-59B2-40C8-81F9-649C8999B090}.Release|Any CPU.ActiveCfg = Release|Any CPU
		{FA02800E-59B2-40C8-81F9-649C8999B090}.Release|Any CPU.Build.0 = Release|Any CPU
	EndGlobalSection
	GlobalSection(SolutionProperties) = preSolution
		HideSolutionNode = FALSE
	EndGlobalSection
	GlobalSection(ExtensibilityGlobals) = postSolution
		SolutionGuid = {7A9DABA2-E3C9-4380-A836-12A264B4B375}
	EndGlobalSection
EndGlobal
